github.com/GoogleChrome/workbox v7.4.1+incompatible h1:3KCQKmZJQO+ZjZ2Cz8TCmVgRNK5eAlR0l3rnvPs45GA=
github.com/GoogleChrome/workbox v7.4.1+incompatible/go.mod h1:dyEoGLpJeO43pUVJb+nNNr1WRgoF81hNEl4UGLV+yow=
github.com/KaTeX/KaTeX v0.18.7 h1:b1MRFN/1bS5jINz8v6PoqnDxMJRW4NklsSAIkZNwWBM=
github.com/KaTeX/KaTeX v0.18.7/go.mod h1:VI+aE+CVs/VqtbHnuhstfQST46GmrwpXH7LQAzYIouw=
github.com/hbstack/base v0.6.2 h1:ihsxMroTujvjVnKZwueujELNXGo9gsCQdrBrJ32zkuU=
github.com/hbstack/base v0.6.2/go.mod h1:eO3xP3CJ2Dwc38+FjVqZuzmvT8dYF2D2Dw4Sx4pi9Ng=
github.com/hbstack/breadcrumb v0.8.0 h1:Yli5Rmf+z7AfRoj4GoXHqSy4X0e7tlbPd9/vPlOGTWY=
github.com/hbstack/breadcrumb v0.8.0/go.mod h1:VU6j9DqY+2mkRuzJVu6vYvL9/psUSxxKg28/Us7c21Y=
github.com/hbstack/featured-image v0.2.2 h1:CdhyEWD+0Nj30eHHwb+/lquWwR8bRPvOM/srlNGU0F8=
github.com/hbstack/featured-image v0.2.2/go.mod h1:ZStnhdgLr/uq5yuRM0PpVJ7WTwSjrbnRDK0C/XdyS3E=
github.com/hbstack/hb v0.16.2 h1:4hUaWygXmZA26cToXj/hXmMuQzsprNdkBuE4Rs7eIYc=
github.com/hbstack/hb v0.16.2/go.mod h1:f17XbKHV29zgwV0OaayneXU1nMXFpQUdBYApAPNjFMo=
github.com/hbstack/heading-sign v0.2.0 h1:yXKZQEjPn/+jKyQxCJh34X+wXbiG4Bnr1VVF6lgMhi8=
github.com/hbstack/heading-sign v0.2.0/go.mod h1:SXJWIr9C/7phTOXfWMzNSVZCeimKbYualuwIOHDeOu0=
github.com/hbstack/meta/recommended v0.2.10 h1:RzRe2LT/lJxlsfGv5UzYC3onl7lp1VWbCm1jAb69kSw=
github.com/hbstack/meta/recommended v0.2.10/go.mod h1:OdGN+zqdgFbet5A6XrfjaTNUTd5L91rOUNRJxgq38fo=
github.com/hbstack/pagination v0.8.0 h1:xnrLD6c7HalpQFQKN9pcQi1M8H0o8b3yrjbjBFs/03o=
github.com/hbstack/pagination v0.8.0/go.mod h1:XaYSS/iReEFQo+fbVAx2YfjP4muWEraVNGeaTcVA35o=
github.com/hbstack/snackbar v0.1.2 h1:/9R2CdWnLcOBobxzdpe30cgM1gcKJAXtbVbZtp2pgmY=
github.com/hbstack/snackbar v0.1.2/go.mod h1:4uZSGpI9ZtR9by0bA8yJW2y61sRks2W4a8VvyMluXuo=
github.com/henrygd/bigger-picture v1.1.20 h1:G5ljcqT0XAwO3RXIFjQWn0Gpq4Frte/io//agR1E2H0=
github.com/henrygd/bigger-picture v1.1.20/go.mod h1:LayqbjDNNsZH+ZXklmjBe5T02qxpH9Cah/ygAraOBIk=
github.com/hugomods/bootstrap v0.24.2 h1:OGJmqzQMlEstObnaKIpvwh4l4F2Ot7UdxTNyxTO9jiE=
github.com/hugomods/bootstrap v0.24.2/go.mod h1:GKP0KV5Yc0d1JmdKjKHL6SpvWml/hk3Pxnq6Trh1JYQ=
github.com/hugomods/code-block-panel v0.9.0 h1:rIyoZQRsW7OCprinbZ93mC8D7x/UdciHmedb/JMIeKM=
github.com/hugomods/code-block-panel v0.9.0/go.mod h1:3J9yUxaShbhYvFFZbGVHcBoHPl6TUKLL3f2fTsnVNNg=
github.com/hugomods/icons v0.6.6 h1:gGlafcBDRP7sSID+tgLcWdog+s/QBj8DIfU+h9tZj1U=
github.com/hugomods/icons v0.6.6/go.mod h1:cIkSvK6W0q6N4U6n9KGz+QfRWQXAW0INd+1P31gPNGg=
github.com/hugomods/icons/vendors/bootstrap v0.5.11 h1:8gZnk0wR1JSC+07L7T1okJiGAva7V1rGnOIQYSsr4/8=
github.com/hugomods/icons/vendors/bootstrap v0.5.11/go.mod h1:PAN+bzB4MW4dkA2gZbmKRJQ6lskHzoosqZzlCTgPv0k=
github.com/hugomods/icons/vendors/simple-icons v1.1.1 h1:ZM+Oi+U3glq+WuVMsoplkQpCnRLd6UU416NZCydtPvw=
github.com/hugomods/icons/vendors/simple-icons v1.1.1/go.mod h1:ZKdcZ++UGSRnEoaVL+MTth91x4NJRIe8aJOD8oAFcRA=
github.com/hugomods/idb-js v0.1.0 h1:mA6hEGtR0aFEdmq9zYMGpfSpCU6SMilx9RzC4uK3DqY=
github.com/hugomods/idb-js v0.1.0/go.mod h1:GPfnmr+BQpP4s6Epd4Yu+RlUog8q/Djw8qy8BZFWZ04=
github.com/hugomods/mermaid v0.1.4 h1:/u0FZRSBMpqTbDh4XPBL7c6p0DUjvIkoo9cC89GASSI=
github.com/hugomods/mermaid v0.1.4/go.mod h1:GOID2Ko1vdrX03ZMaFNQL/vdTU1tZmGcVjOgBN8O42Y=
github.com/hugomods/pwa v0.9.0 h1:bEKFkP7xkow6IadY9hKEwPbdKeLC0XZfVT31gGP7CPc=
github.com/hugomods/pwa v0.9.0/go.mod h1:KpYK2Ffn969+Py5SzV3+iXYase4UoUeRAsd9jY7Q2Us=
github.com/hugomods/search v0.20.0 h1:zko3/0UqsB5SiW30eK0KgDfs4Eczeis25FFLDPrjARA=
github.com/hugomods/search v0.20.0/go.mod h1:xPnDGjP/HCdEWJrJBwwdI2mEtdxFxp+wHBwSl/r2m00=
github.com/hugomods/search-index v0.1.2 h1:ZYMT7YMhWxH5/vomtxZtJUgdu9/QAQbNnKRLi2CCXvA=
github.com/hugomods/search-index v0.1.2/go.mod h1:2owtATJ1XxWAvK/trnNoUC1EoBimAtRYVa7F+JO/s9c=
